// !$*UTF8*$!
{
	archiveVersion = 1;
	classes = {
	};
	objectVersion = 46;
	objects = {

/* Begin PBXBuildFile section */
		5FBE43851DC50F6D00170D75 /* 地球崩壊.png in Resources */ = {isa = PBXBuildFile; fileRef = 5FBE437F1DC50F6D00170D75 /* 地球崩壊.png */; };
		5FBE43861DC50F6D00170D75 /* StumpEmotionBad.png in Resources */ = {isa = PBXBuildFile; fileRef = 5FBE43801DC50F6D00170D75 /* StumpEmotionBad.png */; };
		5FBE43871DC50F6D00170D75 /* Physical_Nega.png in Resources */ = {isa = PBXBuildFile; fileRef = 5FBE43811DC50F6D00170D75 /* Physical_Nega.png */; };
		5FBE43881DC50F6D00170D75 /* Physical_none.png in Resources */ = {isa = PBXBuildFile; fileRef = 5FBE43821DC50F6D00170D75 /* Physical_none.png */; };
		5FBE438A1DC50F6D00170D75 /* cluture未選択.png in Resources */ = {isa = PBXBuildFile; fileRef = 5FBE43841DC50F6D00170D75 /* cluture未選択.png */; };
		7D4038171DA78E6F00BE0C97 /* ViewController2.swift in Sources */ = {isa = PBXBuildFile; fileRef = 7D4038161DA78E6F00BE0C97 /* ViewController2.swift */; };
		7D40381A1DA7905100BE0C97 /* Main.storyboard in Resources */ = {isa = PBXBuildFile; fileRef = 7D4038181DA7905100BE0C97 /* Main.storyboard */; };
		7D6ECBEA1DCB69AF003DE8E9 /* StumpEmotionGLAYc.png in Resources */ = {isa = PBXBuildFile; fileRef = 7D6ECBE91DCB69AF003DE8E9 /* StumpEmotionGLAYc.png */; };
		7D6ECBEC1DCB87DA003DE8E9 /* TopBlackfont-2.png in Resources */ = {isa = PBXBuildFile; fileRef = 7D6ECBEB1DCB87DA003DE8E9 /* TopBlackfont-2.png */; };
		7D97BFD21D9E59C40092728F /* AppDelegate.swift in Sources */ = {isa = PBXBuildFile; fileRef = 7D97BFD11D9E59C40092728F /* AppDelegate.swift */; };
		7D97BFD41D9E59C40092728F /* ViewController.swift in Sources */ = {isa = PBXBuildFile; fileRef = 7D97BFD31D9E59C40092728F /* ViewController.swift */; };
		7D97BFD91D9E59C40092728F /* Assets.xcassets in Resources */ = {isa = PBXBuildFile; fileRef = 7D97BFD81D9E59C40092728F /* Assets.xcassets */; };
		7D97BFDC1D9E59C40092728F /* LaunchScreen.storyboard in Resources */ = {isa = PBXBuildFile; fileRef = 7D97BFDA1D9E59C40092728F /* LaunchScreen.storyboard */; };
		7DBEE35D1DC34BC1009A2151 /* heart.png in Resources */ = {isa = PBXBuildFile; fileRef = 7DBEE35A1DC34BC1009A2151 /* heart.png */; };
		7DBEE35E1DC34BC1009A2151 /* StampPhysical.png in Resources */ = {isa = PBXBuildFile; fileRef = 7DBEE35B1DC34BC1009A2151 /* StampPhysical.png */; };
		7DBEE35F1DC34BC1009A2151 /* StumpCulture.png in Resources */ = {isa = PBXBuildFile; fileRef = 7DBEE35C1DC34BC1009A2151 /* StumpCulture.png */; };
/* End PBXBuildFile section */

/* Begin PBXFileReference section */
		5FBE437F1DC50F6D00170D75 /* 地球崩壊.png */ = {isa = PBXFileReference; lastKnownFileType = image.png; path = "地球崩壊.png"; sourceTree = "<group>"; };
		5FBE43801DC50F6D00170D75 /* StumpEmotionBad.png */ = {isa = PBXFileReference; lastKnownFileType = image.png; path = StumpEmotionBad.png; sourceTree = "<group>"; };
		5FBE43811DC50F6D00170D75 /* Physical_Nega.png */ = {isa = PBXFileReference; lastKnownFileType = image.png; path = Physical_Nega.png; sourceTree = "<group>"; };
		5FBE43821DC50F6D00170D75 /* Physical_none.png */ = {isa = PBXFileReference; lastKnownFileType = image.png; path = Physical_none.png; sourceTree = "<group>"; };
		5FBE43841DC50F6D00170D75 /* cluture未選択.png */ = {isa = PBXFileReference; lastKnownFileType = image.png; path = "cluture未選択.png"; sourceTree = "<group>"; };
		7D4038161DA78E6F00BE0C97 /* ViewController2.swift */ = {isa = PBXFileReference; fileEncoding = 4; lastKnownFileType = sourcecode.swift; path = ViewController2.swift; sourceTree = "<group>"; };
		7D4038191DA7905100BE0C97 /* Base */ = {isa = PBXFileReference; lastKnownFileType = file.storyboard; name = Base; path = Base.lproj/Main.storyboard; sourceTree = "<group>"; };
		7D6ECBE91DCB69AF003DE8E9 /* StumpEmotionGLAYc.png */ = {isa = PBXFileReference; lastKnownFileType = image.png; path = StumpEmotionGLAYc.png; sourceTree = "<group>"; };
		7D6ECBEB1DCB87DA003DE8E9 /* TopBlackfont-2.png */ = {isa = PBXFileReference; lastKnownFileType = image.png; path = "TopBlackfont-2.png"; sourceTree = "<group>"; };
		7D97BFCE1D9E59C40092728F /* project7.app */ = {isa = PBXFileReference; explicitFileType = wrapper.application; includeInIndex = 0; path = project7.app; sourceTree = BUILT_PRODUCTS_DIR; };
		7D97BFD11D9E59C40092728F /* AppDelegate.swift */ = {isa = PBXFileReference; lastKnownFileType = sourcecode.swift; path = AppDelegate.swift; sourceTree = "<group>"; };
		7D97BFD31D9E59C40092728F /* ViewController.swift */ = {isa = PBXFileReference; lastKnownFileType = sourcecode.swift; path = ViewController.swift; sourceTree = "<group>"; };
		7D97BFD81D9E59C40092728F /* Assets.xcassets */ = {isa = PBXFileReference; lastKnownFileType = folder.assetcatalog; path = Assets.xcassets; sourceTree = "<group>"; };
		7D97BFDB1D9E59C40092728F /* Base */ = {isa = PBXFileReference; lastKnownFileType = file.storyboard; name = Base; path = Base.lproj/LaunchScreen.storyboard; sourceTree = "<group>"; };
		7D97BFDD1D9E59C40092728F /* Info.plist */ = {isa = PBXFileReference; lastKnownFileType = text.plist.xml; path = Info.plist; sourceTree = "<group>"; };
		7DBEE35A1DC34BC1009A2151 /* heart.png */ = {isa = PBXFileReference; lastKnownFileType = image.png; path = heart.png; sourceTree = "<group>"; };
		7DBEE35B1DC34BC1009A2151 /* StampPhysical.png */ = {isa = PBXFileReference; lastKnownFileType = image.png; path = StampPhysical.png; sourceTree = "<group>"; };
		7DBEE35C1DC34BC1009A2151 /* StumpCulture.png */ = {isa = PBXFileReference; lastKnownFileType = image.png; path = StumpCulture.png; sourceTree = "<group>"; };
/* End PBXFileReference section */

/* Begin PBXFrameworksBuildPhase section */
		7D97BFCB1D9E59C40092728F /* Frameworks */ = {
			isa = PBXFrameworksBuildPhase;
			buildActionMask = 2147483647;
			files = (
			);
			runOnlyForDeploymentPostprocessing = 0;
		};
/* End PBXFrameworksBuildPhase section */

/* Begin PBXGroup section */
		7D97BFC51D9E59C40092728F = {
			isa = PBXGroup;
			children = (
				7D6ECBEB1DCB87DA003DE8E9 /* TopBlackfont-2.png */,
				5FBE437F1DC50F6D00170D75 /* 地球崩壊.png */,
				5FBE43821DC50F6D00170D75 /* Physical_none.png */,
				7DBEE35B1DC34BC1009A2151 /* StampPhysical.png */,
				5FBE43811DC50F6D00170D75 /* Physical_Nega.png */,
				5FBE43841DC50F6D00170D75 /* cluture未選択.png */,
				7DBEE35C1DC34BC1009A2151 /* StumpCulture.png */,
				7D6ECBE91DCB69AF003DE8E9 /* StumpEmotionGLAYc.png */,
				7DBEE35A1DC34BC1009A2151 /* heart.png */,
				5FBE43801DC50F6D00170D75 /* StumpEmotionBad.png */,
				7D97BFD01D9E59C40092728F /* project7 */,
				7D97BFCF1D9E59C40092728F /* Products */,
			);
			sourceTree = "<group>";
		};
		7D97BFCF1D9E59C40092728F /* Products */ = {
			isa = PBXGroup;
			children = (
				7D97BFCE1D9E59C40092728F /* project7.app */,
			);
			name = Products;
			sourceTree = "<group>";
		};
		7D97BFD01D9E59C40092728F /* project7 */ = {
			isa = PBXGroup;
			children = (
				7D4038181DA7905100BE0C97 /* Main.storyboard */,
				7D97BFD11D9E59C40092728F /* AppDelegate.swift */,
				7D97BFD31D9E59C40092728F /* ViewController.swift */,
				7D4038161DA78E6F00BE0C97 /* ViewController2.swift */,
				7D97BFD81D9E59C40092728F /* Assets.xcassets */,
				7D97BFDA1D9E59C40092728F /* LaunchScreen.storyboard */,
				7D97BFDD1D9E59C40092728F /* Info.plist */,
			);
			path = project7;
			sourceTree = "<group>";
		};
/* End PBXGroup section */

/* Begin PBXNativeTarget section */
		7D97BFCD1D9E59C40092728F /* project7 */ = {
			isa = PBXNativeTarget;
			buildConfigurationList = 7D97BFE01D9E59C40092728F /* Build configuration list for PBXNativeTarget "project7" */;
			buildPhases = (
				7D97BFCA1D9E59C40092728F /* Sources */,
				7D97BFCB1D9E59C40092728F /* Frameworks */,
				7D97BFCC1D9E59C40092728F /* Resources */,
			);
			buildRules = (
			);
			dependencies = (
			);
			name = project7;
			productName = project7;
			productReference = 7D97BFCE1D9E59C40092728F /* project7.app */;
			productType = "com.apple.product-type.application";
		};
/* End PBXNativeTarget section */

/* Begin PBXProject section */
		7D97BFC61D9E59C40092728F /* Project object */ = {
			isa = PBXProject;
			attributes = {
				LastSwiftUpdateCheck = 0730;
				LastUpgradeCheck = 0810;
				ORGANIZATIONNAME = hirotoshin;
				TargetAttributes = {
					7D97BFCD1D9E59C40092728F = {
						CreatedOnToolsVersion = 7.3.1;
						DevelopmentTeam = 3G832QTKGX;
						LastSwiftMigration = 0810;
					};
				};
			};
			buildConfigurationList = 7D97BFC91D9E59C40092728F /* Build configuration list for PBXProject "project7" */;
			compatibilityVersion = "Xcode 3.2";
			developmentRegion = English;
			hasScannedForEncodings = 0;
			knownRegions = (
				en,
				Base,
			);
			mainGroup = 7D97BFC51D9E59C40092728F;
			productRefGroup = 7D97BFCF1D9E59C40092728F /* Products */;
			projectDirPath = "";
			projectRoot = "";
			targets = (
				7D97BFCD1D9E59C40092728F /* project7 */,
			);
		};
/* End PBXProject section */

/* Begin PBXResourcesBuildPhase section */
		7D97BFCC1D9E59C40092728F /* Resources */ = {
			isa = PBXResourcesBuildPhase;
			buildActionMask = 2147483647;
			files = (
				7D6ECBEA1DCB69AF003DE8E9 /* StumpEmotionGLAYc.png in Resources */,
				5FBE43881DC50F6D00170D75 /* Physical_none.png in Resources */,
				7DBEE35D1DC34BC1009A2151 /* heart.png in Resources */,
				5FBE43861DC50F6D00170D75 /* StumpEmotionBad.png in Resources */,
				5FBE43871DC50F6D00170D75 /* Physical_Nega.png in Resources */,
				5FBE43851DC50F6D00170D75 /* 地球崩壊.png in Resources */,
				5FBE438A1DC50F6D00170D75 /* cluture未選択.png in Resources */,
				7D40381A1DA7905100BE0C97 /* Main.storyboard in Resources */,
				7D97BFDC1D9E59C40092728F /* LaunchScreen.storyboard in Resources */,
				7D97BFD91D9E59C40092728F /* Assets.xcassets in Resources */,
				7D6ECBEC1DCB87DA003DE8E9 /* TopBlackfont-2.png in Resources */,
				7DBEE35F1DC34BC1009A2151 /* StumpCulture.png in Resources */,
				7DBEE35E1DC34BC1009A2151 /* StampPhysical.png in Resources */,
			);
			runOnlyForDeploymentPostprocessing = 0;
		};
/* End PBXResourcesBuildPhase section */

/* Begin PBXSourcesBuildPhase section */
		7D97BFCA1D9E59C40092728F /* Sources */ = {
			isa = PBXSourcesBuildPhase;
			buildActionMask = 2147483647;
			files = (
				7D97BFD41D9E59C40092728F /* ViewController.swift in Sources */,
				7D97BFD21D9E59C40092728F /* AppDelegate.swift in Sources */,
				7D4038171DA78E6F00BE0C97 /* ViewController2.swift in Sources */,
			);
			runOnlyForDeploymentPostprocessing = 0;
		};
/* End PBXSourcesBuildPhase section */

/* Begin PBXVariantGroup section */
		7D4038181DA7905100BE0C97 /* Main.storyboard */ = {
			isa = PBXVariantGroup;
			children = (
				7D4038191DA7905100BE0C97 /* Base */,
			);
			name = Main.storyboard;
			sourceTree = "<group>";
		};
		7D97BFDA1D9E59C40092728F /* LaunchScreen.storyboard */ = {
			isa = PBXVariantGroup;
			children = (
				7D97BFDB1D9E59C40092728F /* Base */,
			);
			name = LaunchScreen.storyboard;
			sourceTree = "<group>";
		};
/* End PBXVariantGroup section */

/* Begin XCBuildConfiguration section */
		7D97BFDE1D9E59C40092728F /* Debug */ = {
			isa = XCBuildConfiguration;
			buildSettings = {
				ALWAYS_SEARCH_USER_PATHS = NO;
				CLANG_ANALYZER_NONNULL = YES;
				CLANG_CXX_LANGUAGE_STANDARD = "gnu++0x";
				CLANG_CXX_LIBRARY = "libc++";
				CLANG_ENABLE_MODULES = YES;
				CLANG_ENABLE_OBJC_ARC = YES;
				CLANG_WARN_BOOL_CONVERSION = YES;
				CLANG_WARN_CONSTANT_CONVERSION = YES;
				CLANG_WARN_DIRECT_OBJC_ISA_USAGE = YES_ERROR;
				CLANG_WARN_EMPTY_BODY = YES;
				CLANG_WARN_ENUM_CONVERSION = YES;
				CLANG_WARN_INFINITE_RECURSION = YES;
				CLANG_WARN_INT_CONVERSION = YES;
				CLANG_WARN_OBJC_ROOT_CLASS = YES_ERROR;
				CLANG_WARN_SUSPICIOUS_MOVE = YES;
				CLANG_WARN_UNREACHABLE_CODE = YES;
				CLANG_WARN__DUPLICATE_METHOD_MATCH = YES;
				"CODE_SIGN_IDENTITY[sdk=iphoneos*]" = "iPhone Developer";
				COPY_PHASE_STRIP = NO;
				DEBUG_INFORMATION_FORMAT = dwarf;
				ENABLE_STRICT_OBJC_MSGSEND = YES;
				ENABLE_TESTABILITY = YES;
				GCC_C_LANGUAGE_STANDARD = gnu99;
				GCC_DYNAMIC_NO_PIC = NO;
				GCC_NO_COMMON_BLOCKS = YES;
				GCC_OPTIMIZATION_LEVEL = 0;
				GCC_PREPROCESSOR_DEFINITIONS = (
					"DEBUG=1",
					"$(inherited)",
				);
				GCC_WARN_64_TO_32_BIT_CONVERSION = YES;
				GCC_WARN_ABOUT_RETURN_TYPE = YES_ERROR;
				GCC_WARN_UNDECLARED_SELECTOR = YES;
				GCC_WARN_UNINITIALIZED_AUTOS = YES_AGGRESSIVE;
				GCC_WARN_UNUSED_FUNCTION = YES;
				GCC_WARN_UNUSED_VARIABLE = YES;
				IPHONEOS_DEPLOYMENT_TARGET = 9.3;
				MTL_ENABLE_DEBUG_INFO = YES;
				ONLY_ACTIVE_ARCH = YES;
				SDKROOT = iphoneos;
				SWIFT_OPTIMIZATION_LEVEL = "-Onone";
			};
			name = Debug;
		};
		7D97BFDF1D9E59C40092728F /* Release */ = {
			isa = XCBuildConfiguration;
			buildSettings = {
				ALWAYS_SEARCH_USER_PATHS = NO;
				CLANG_ANALYZER_NONNULL = YES;
				CLANG_CXX_LANGUAGE_STANDARD = "gnu++0x";
				CLANG_CXX_LIBRARY = "libc++";
				CLANG_ENABLE_MODULES = YES;
				CLANG_ENABLE_OBJC_ARC = YES;
				CLANG_WARN_BOOL_CONVERSION = YES;
				CLANG_WARN_CONSTANT_CONVERSION = YES;
				CLANG_WARN_DIRECT_OBJC_ISA_USAGE = YES_ERROR;
				CLANG_WARN_EMPTY_BODY = YES;
				CLANG_WARN_ENUM_CONVERSION = YES;
				CLANG_WARN_INFINITE_RECURSION = YES;
				CLANG_WARN_INT_CONVERSION = YES;
				CLANG_WARN_OBJC_ROOT_CLASS = YES_ERROR;
				CLANG_WARN_SUSPICIOUS_MOVE = YES;
				CLANG_WARN_UNREACHABLE_CODE = YES;
				CLANG_WARN__DUPLICATE_METHOD_MATCH = YES;
				"CODE_SIGN_IDENTITY[sdk=iphoneos*]" = "iPhone Developer";
				COPY_PHASE_STRIP = NO;
				DEBUG_INFORMATION_FORMAT = "dwarf-with-dsym";
				ENABLE_NS_ASSERTIONS = NO;
				ENABLE_STRICT_OBJC_MSGSEND = YES;
				GCC_C_LANGUAGE_STANDARD = gnu99;
				GCC_NO_COMMON_BLOCKS = YES;
				GCC_WARN_64_TO_32_BIT_CONVERSION = YES;
				GCC_WARN_ABOUT_RETURN_TYPE = YES_ERROR;
				GCC_WARN_UNDECLARED_SELECTOR = YES;
				GCC_WARN_UNINITIALIZED_AUTOS = YES_AGGRESSIVE;
				GCC_WARN_UNUSED_FUNCTION = YES;
				GCC_WARN_UNUSED_VARIABLE = YES;
				IPHONEOS_DEPLOYMENT_TARGET = 9.3;
				MTL_ENABLE_DEBUG_INFO = NO;
				SDKROOT = iphoneos;
				SWIFT_OPTIMIZATION_LEVEL = "-Owholemodule";
				VALIDATE_PRODUCT = YES;
			};
			name = Release;
		};
		7D97BFE11D9E59C40092728F /* Debug */ = {
			isa = XCBuildConfiguration;
			buildSettings = {
				ASSETCATALOG_COMPILER_APPICON_NAME = AppIcon;
				DEVELOPMENT_TEAM = 3G832QTKGX;
				INFOPLIST_FILE = project7/Info.plist;
				IPHONEOS_DEPLOYMENT_TARGET = 8.0;
				LD_RUNPATH_SEARCH_PATHS = "$(inherited) @executable_path/Frameworks";
				PRODUCT_BUNDLE_IDENTIFIER = com.hirotoshin.project7;
				PRODUCT_NAME = "$(TARGET_NAME)";
				SWIFT_VERSION = 2.3;
				TARGETED_DEVICE_FAMILY = 1;
			};
			name = Debug;
		};
		7D97BFE21D9E59C40092728F /* Release */ = {
			isa = XCBuildConfiguration;
			buildSettings = {
				ASSETCATALOG_COMPILER_APPICON_NAME = AppIcon;
				DEVELOPMENT_TEAM = 3G832QTKGX;
				INFOPLIST_FILE = project7/Info.plist;
				IPHONEOS_DEPLOYMENT_TARGET = 8.0;
				LD_RUNPATH_SEARCH_PATHS = "$(inherited) @executable_path/Frameworks";
				PRODUCT_BUNDLE_IDENTIFIER = com.hirotoshin.project7;
				PRODUCT_NAME = "$(TARGET_NAME)";
				SWIFT_VERSION = 2.3;
				TARGETED_DEVICE_FAMILY = 1;
			};
			name = Release;
		};
/* End XCBuildConfiguration section */

/* Begin XCConfigurationList section */
		7D97BFC91D9E59C40092728F /* Build configuration list for PBXProject "project7" */ = {
			isa = XCConfigurationList;
			buildConfigurations = (
				7D97BFDE1D9E59C40092728F /* Debug */,
				7D97BFDF1D9E59C40092728F /* Release */,
			);
			defaultConfigurationIsVisible = 0;
			defaultConfigurationName = Release;
		};
		7D97BFE01D9E59C40092728F /* Build configuration list for PBXNativeTarget "project7" */ = {
			isa = XCConfigurationList;
			buildConfigurations = (
				7D97BFE11D9E59C40092728F /* Debug */,
				7D97BFE21D9E59C40092728F /* Release */,
			);
			defaultConfigurationIsVisible = 0;
			defaultConfigurationName = Release;
		};
/* End XCConfigurationList section */
	};
	rootObject = 7D97BFC61D9E59C40092728F /* Project object */;
}
